// !$*UTF8*$!
{
	archiveVersion = 1;
	classes = {
	};
	objectVersion = 45;
	objects = {

/* Begin PBXBuildFile section */
		AA747D9F0F9514B9006C5449 /* Financial_Toolbox_Prefix.pch in Headers */ = {isa = PBXBuildFile; fileRef = AA747D9E0F9514B9006C5449 /* Financial_Toolbox_Prefix.pch */; };
		AACBBE4A0F95108600F1A2B1 /* Foundation.framework in Frameworks */ = {isa = PBXBuildFile; fileRef = AACBBE490F95108600F1A2B1 /* Foundation.framework */; };
		CFB3EE07100610EF00325494 /* FTDistributions.m in Sources */ = {isa = PBXBuildFile; fileRef = CFB3EDF7100610EF00325494 /* FTDistributions.m */; };
		CFB3EE08100610EF00325494 /* FTDistributions.h in Headers */ = {isa = PBXBuildFile; fileRef = CFB3EDF8100610EF00325494 /* FTDistributions.h */; };
		CFB3EE09100610EF00325494 /* FTOptionModel.m in Sources */ = {isa = PBXBuildFile; fileRef = CFB3EDF9100610EF00325494 /* FTOptionModel.m */; };
		CFB3EE0A100610EF00325494 /* FTOptionModel.h in Headers */ = {isa = PBXBuildFile; fileRef = CFB3EDFA100610EF00325494 /* FTOptionModel.h */; };
		CFB3EE0B100610EF00325494 /* FTAmericanCrankNicolson.m in Sources */ = {isa = PBXBuildFile; fileRef = CFB3EDFB100610EF00325494 /* FTAmericanCrankNicolson.m */; };
		CFB3EE0C100610EF00325494 /* FTAmericanCrankNicolson.h in Headers */ = {isa = PBXBuildFile; fileRef = CFB3EDFC100610EF00325494 /* FTAmericanCrankNicolson.h */; };
		CFB3EE0D100610EF00325494 /* FTBlackScholes.h in Headers */ = {isa = PBXBuildFile; fileRef = CFB3EDFD100610EF00325494 /* FTBlackScholes.h */; };
		CFB3EE0E100610EF00325494 /* FTBlackScholes.m in Sources */ = {isa = PBXBuildFile; fileRef = CFB3EDFE100610EF00325494 /* FTBlackScholes.m */; };
		CFB3EE0F100610EF00325494 /* FTAsianTurnbullWakeman.h in Headers */ = {isa = PBXBuildFile; fileRef = CFB3EDFF100610EF00325494 /* FTAsianTurnbullWakeman.h */; };
		CFB3EE10100610EF00325494 /* FTAsianTurnbullWakeman.m in Sources */ = {isa = PBXBuildFile; fileRef = CFB3EE00100610EF00325494 /* FTAsianTurnbullWakeman.m */; };
		CFB3EE11100610EF00325494 /* FTAsianDiscreteHHM.h in Headers */ = {isa = PBXBuildFile; fileRef = CFB3EE01100610EF00325494 /* FTAsianDiscreteHHM.h */; };
		CFB3EE12100610EF00325494 /* FTAsianDiscreteHHM.m in Sources */ = {isa = PBXBuildFile; fileRef = CFB3EE02100610EF00325494 /* FTAsianDiscreteHHM.m */; };
		CFB3EE13100610EF00325494 /* FTRandom.h in Headers */ = {isa = PBXBuildFile; fileRef = CFB3EE03100610EF00325494 /* FTRandom.h */; };
		CFB3EE14100610EF00325494 /* FTRandom.m in Sources */ = {isa = PBXBuildFile; fileRef = CFB3EE04100610EF00325494 /* FTRandom.m */; };
		CFB3EE15100610EF00325494 /* FTSingleBarrier.h in Headers */ = {isa = PBXBuildFile; fileRef = CFB3EE05100610EF00325494 /* FTSingleBarrier.h */; };
		CFB3EE16100610EF00325494 /* FTSingleBarrier.m in Sources */ = {isa = PBXBuildFile; fileRef = CFB3EE06100610EF00325494 /* FTSingleBarrier.m */; };
		CFB3EE1C100610FE00325494 /* FTRiskFactor.h in Headers */ = {isa = PBXBuildFile; fileRef = CFB3EE1A100610FE00325494 /* FTRiskFactor.h */; };
		CFB3EE1D100610FE00325494 /* FTRiskFactor.m in Sources */ = {isa = PBXBuildFile; fileRef = CFB3EE1B100610FE00325494 /* FTRiskFactor.m */; };
/* End PBXBuildFile section */

/* Begin PBXFileReference section */
		AA747D9E0F9514B9006C5449 /* Financial_Toolbox_Prefix.pch */ = {isa = PBXFileReference; fileEncoding = 4; lastKnownFileType = sourcecode.c.h; path = Financial_Toolbox_Prefix.pch; sourceTree = SOURCE_ROOT; };
		AACBBE490F95108600F1A2B1 /* Foundation.framework */ = {isa = PBXFileReference; lastKnownFileType = wrapper.framework; name = Foundation.framework; path = System/Library/Frameworks/Foundation.framework; sourceTree = SDKROOT; };
		CFB3EDF7100610EF00325494 /* FTDistributions.m */ = {isa = PBXFileReference; fileEncoding = 4; lastKnownFileType = sourcecode.c.objc; path = FTDistributions.m; sourceTree = "<group>"; };
		CFB3EDF8100610EF00325494 /* FTDistributions.h */ = {isa = PBXFileReference; fileEncoding = 4; lastKnownFileType = sourcecode.c.h; path = FTDistributions.h; sourceTree = "<group>"; };
		CFB3EDF9100610EF00325494 /* FTOptionModel.m */ = {isa = PBXFileReference; fileEncoding = 4; lastKnownFileType = sourcecode.c.objc; path = FTOptionModel.m; sourceTree = "<group>"; };
		CFB3EDFA100610EF00325494 /* FTOptionModel.h */ = {isa = PBXFileReference; fileEncoding = 4; lastKnownFileType = sourcecode.c.h; path = FTOptionModel.h; sourceTree = "<group>"; };
		CFB3EDFB100610EF00325494 /* FTAmericanCrankNicolson.m */ = {isa = PBXFileReference; fileEncoding = 4; lastKnownFileType = sourcecode.c.objc; path = FTAmericanCrankNicolson.m; sourceTree = "<group>"; };
		CFB3EDFC100610EF00325494 /* FTAmericanCrankNicolson.h */ = {isa = PBXFileReference; fileEncoding = 4; lastKnownFileType = sourcecode.c.h; path = FTAmericanCrankNicolson.h; sourceTree = "<group>"; };
		CFB3EDFD100610EF00325494 /* FTBlackScholes.h */ = {isa = PBXFileReference; fileEncoding = 4; lastKnownFileType = sourcecode.c.h; path = FTBlackScholes.h; sourceTree = "<group>"; };
		CFB3EDFE100610EF00325494 /* FTBlackScholes.m */ = {isa = PBXFileReference; fileEncoding = 4; lastKnownFileType = sourcecode.c.objc; path = FTBlackScholes.m; sourceTree = "<group>"; };
		CFB3EDFF100610EF00325494 /* FTAsianTurnbullWakeman.h */ = {isa = PBXFileReference; fileEncoding = 4; lastKnownFileType = sourcecode.c.h; path = FTAsianTurnbullWakeman.h; sourceTree = "<group>"; };
		CFB3EE00100610EF00325494 /* FTAsianTurnbullWakeman.m */ = {isa = PBXFileReference; fileEncoding = 4; lastKnownFileType = sourcecode.c.objc; path = FTAsianTurnbullWakeman.m; sourceTree = "<group>"; };
		CFB3EE01100610EF00325494 /* FTAsianDiscreteHHM.h */ = {isa = PBXFileReference; fileEncoding = 4; lastKnownFileType = sourcecode.c.h; path = FTAsianDiscreteHHM.h; sourceTree = "<group>"; };
		CFB3EE02100610EF00325494 /* FTAsianDiscreteHHM.m */ = {isa = PBXFileReference; fileEncoding = 4; lastKnownFileType = sourcecode.c.objc; path = FTAsianDiscreteHHM.m; sourceTree = "<group>"; };
		CFB3EE03100610EF00325494 /* FTRandom.h */ = {isa = PBXFileReference; fileEncoding = 4; lastKnownFileType = sourcecode.c.h; path = FTRandom.h; sourceTree = "<group>"; };
		CFB3EE04100610EF00325494 /* FTRandom.m */ = {isa = PBXFileReference; fileEncoding = 4; lastKnownFileType = sourcecode.c.objc; path = FTRandom.m; sourceTree = "<group>"; };
		CFB3EE05100610EF00325494 /* FTSingleBarrier.h */ = {isa = PBXFileReference; fileEncoding = 4; lastKnownFileType = sourcecode.c.h; path = FTSingleBarrier.h; sourceTree = "<group>"; };
		CFB3EE06100610EF00325494 /* FTSingleBarrier.m */ = {isa = PBXFileReference; fileEncoding = 4; lastKnownFileType = sourcecode.c.objc; path = FTSingleBarrier.m; sourceTree = "<group>"; };
		CFB3EE1A100610FE00325494 /* FTRiskFactor.h */ = {isa = PBXFileReference; fileEncoding = 4; lastKnownFileType = sourcecode.c.h; name = FTRiskFactor.h; path = ../Options/FTRiskFactor.h; sourceTree = SOURCE_ROOT; };
		CFB3EE1B100610FE00325494 /* FTRiskFactor.m */ = {isa = PBXFileReference; fileEncoding = 4; lastKnownFileType = sourcecode.c.objc; name = FTRiskFactor.m; path = ../Options/FTRiskFactor.m; sourceTree = SOURCE_ROOT; };
		D2AAC07E0554694100DB518D /* libFinancial_Toolbox.a */ = {isa = PBXFileReference; explicitFileType = archive.ar; includeInIndex = 0; path = libFinancial_Toolbox.a; sourceTree = BUILT_PRODUCTS_DIR; };
/* End PBXFileReference section */

/* Begin PBXFrameworksBuildPhase section */
		D2AAC07C0554694100DB518D /* Frameworks */ = {
			isa = PBXFrameworksBuildPhase;
			buildActionMask = 2147483647;
			files = (
				AACBBE4A0F95108600F1A2B1 /* Foundation.framework in Frameworks */,
			);
			runOnlyForDeploymentPostprocessing = 0;
		};
/* End PBXFrameworksBuildPhase section */

/* Begin PBXGroup section */
		034768DFFF38A50411DB9C8B /* Products */ = {
			isa = PBXGroup;
			children = (
				D2AAC07E0554694100DB518D /* libFinancial_Toolbox.a */,
			);
			name = Products;
			sourceTree = "<group>";
		};
		0867D691FE84028FC02AAC07 /* Financial Toolbox */ = {
			isa = PBXGroup;
			children = (
				08FB77AEFE84172EC02AAC07 /* Classes */,
				32C88DFF0371C24200C91783 /* Other Sources */,
				0867D69AFE84028FC02AAC07 /* Frameworks */,
				034768DFFF38A50411DB9C8B /* Products */,
			);
			name = "Financial Toolbox";
			sourceTree = "<group>";
		};
		0867D69AFE84028FC02AAC07 /* Frameworks */ = {
			isa = PBXGroup;
			children = (
				AACBBE490F95108600F1A2B1 /* Foundation.framework */,
			);
			name = Frameworks;
			sourceTree = "<group>";
		};
		08FB77AEFE84172EC02AAC07 /* Classes */ = {
			isa = PBXGroup;
			children = (
				CFB3EE19100610FE00325494 /* RiskFactors */,
				CFB3EDF6100610EF00325494 /* Option Models */,
			);
			name = Classes;
			sourceTree = "<group>";
		};
		32C88DFF0371C24200C91783 /* Other Sources */ = {
			isa = PBXGroup;
			children = (
				AA747D9E0F9514B9006C5449 /* Financial_Toolbox_Prefix.pch */,
			);
			name = "Other Sources";
			sourceTree = "<group>";
		};
		CFB3EDF6100610EF00325494 /* Option Models */ = {
			isa = PBXGroup;
			children = (
				CFB3EDF7100610EF00325494 /* FTDistributions.m */,
				CFB3EDF8100610EF00325494 /* FTDistributions.h */,
				CFB3EDF9100610EF00325494 /* FTOptionModel.m */,
				CFB3EDFA100610EF00325494 /* FTOptionModel.h */,
				CFB3EDFB100610EF00325494 /* FTAmericanCrankNicolson.m */,
				CFB3EDFC100610EF00325494 /* FTAmericanCrankNicolson.h */,
				CFB3EDFD100610EF00325494 /* FTBlackScholes.h */,
				CFB3EDFE100610EF00325494 /* FTBlackScholes.m */,
				CFB3EDFF100610EF00325494 /* FTAsianTurnbullWakeman.h */,
				CFB3EE00100610EF00325494 /* FTAsianTurnbullWakeman.m */,
				CFB3EE01100610EF00325494 /* FTAsianDiscreteHHM.h */,
				CFB3EE02100610EF00325494 /* FTAsianDiscreteHHM.m */,
				CFB3EE03100610EF00325494 /* FTRandom.h */,
				CFB3EE04100610EF00325494 /* FTRandom.m */,
				CFB3EE05100610EF00325494 /* FTSingleBarrier.h */,
				CFB3EE06100610EF00325494 /* FTSingleBarrier.m */,
			);
			name = "Option Models";
			sourceTree = "<group>";
		};
		CFB3EE19100610FE00325494 /* RiskFactors */ = {
			isa = PBXGroup;
			children = (
				CFB3EE1A100610FE00325494 /* FTRiskFactor.h */,
				CFB3EE1B100610FE00325494 /* FTRiskFactor.m */,
			);
			name = RiskFactors;
			sourceTree = "<group>";
		};
/* End PBXGroup section */

/* Begin PBXHeadersBuildPhase section */
		D2AAC07A0554694100DB518D /* Headers */ = {
			isa = PBXHeadersBuildPhase;
			buildActionMask = 2147483647;
			files = (
				AA747D9F0F9514B9006C5449 /* Financial_Toolbox_Prefix.pch in Headers */,
				CFB3EE08100610EF00325494 /* FTDistributions.h in Headers */,
				CFB3EE0A100610EF00325494 /* FTOptionModel.h in Headers */,
				CFB3EE0C100610EF00325494 /* FTAmericanCrankNicolson.h in Headers */,
				CFB3EE0D100610EF00325494 /* FTBlackScholes.h in Headers */,
				CFB3EE0F100610EF00325494 /* FTAsianTurnbullWakeman.h in Headers */,
				CFB3EE11100610EF00325494 /* FTAsianDiscreteHHM.h in Headers */,
				CFB3EE13100610EF00325494 /* FTRandom.h in Headers */,
				CFB3EE15100610EF00325494 /* FTSingleBarrier.h in Headers */,
				CFB3EE1C100610FE00325494 /* FTRiskFactor.h in Headers */,
			);
			runOnlyForDeploymentPostprocessing = 0;
		};
/* End PBXHeadersBuildPhase section */

/* Begin PBXNativeTarget section */
		D2AAC07D0554694100DB518D /* Financial Toolbox */ = {
			isa = PBXNativeTarget;
			buildConfigurationList = 1DEB921E08733DC00010E9CD /* Build configuration list for PBXNativeTarget "Financial Toolbox" */;
			buildPhases = (
				D2AAC07A0554694100DB518D /* Headers */,
				D2AAC07B0554694100DB518D /* Sources */,
				D2AAC07C0554694100DB518D /* Frameworks */,
			);
			buildRules = (
			);
			dependencies = (
			);
			name = "Financial Toolbox";
			productName = "Financial Toolbox";
			productReference = D2AAC07E0554694100DB518D /* libFinancial_Toolbox.a */;
			productType = "com.apple.product-type.library.static";
		};
/* End PBXNativeTarget section */

/* Begin PBXProject section */
		0867D690FE84028FC02AAC07 /* Project object */ = {
			isa = PBXProject;
			buildConfigurationList = 1DEB922208733DC00010E9CD /* Build configuration list for PBXProject "Financial Toolbox" */;
			compatibilityVersion = "Xcode 3.1";
			hasScannedForEncodings = 1;
			mainGroup = 0867D691FE84028FC02AAC07 /* Financial Toolbox */;
			productRefGroup = 034768DFFF38A50411DB9C8B /* Products */;
			projectDirPath = "";
			projectRoot = "";
			targets = (
				D2AAC07D0554694100DB518D /* Financial Toolbox */,
			);
		};
/* End PBXProject section */

/* Begin PBXSourcesBuildPhase section */
		D2AAC07B0554694100DB518D /* Sources */ = {
			isa = PBXSourcesBuildPhase;
			buildActionMask = 2147483647;
			files = (
				CFB3EE07100610EF00325494 /* FTDistributions.m in Sources */,
				CFB3EE09100610EF00325494 /* FTOptionModel.m in Sources */,
				CFB3EE0B100610EF00325494 /* FTAmericanCrankNicolson.m in Sources */,
				CFB3EE0E100610EF00325494 /* FTBlackScholes.m in Sources */,
				CFB3EE10100610EF00325494 /* FTAsianTurnbullWakeman.m in Sources */,
				CFB3EE12100610EF00325494 /* FTAsianDiscreteHHM.m in Sources */,
				CFB3EE14100610EF00325494 /* FTRandom.m in Sources */,
				CFB3EE16100610EF00325494 /* FTSingleBarrier.m in Sources */,
				CFB3EE1D100610FE00325494 /* FTRiskFactor.m in Sources */,
			);
			runOnlyForDeploymentPostprocessing = 0;
		};
/* End PBXSourcesBuildPhase section */

/* Begin XCBuildConfiguration section */
		1DEB921F08733DC00010E9CD /* Debug */ = {
			isa = XCBuildConfiguration;
			buildSettings = {
				ALWAYS_SEARCH_USER_PATHS = NO;
				ARCHS = "$(ARCHS_STANDARD_32_BIT)";
				COPY_PHASE_STRIP = NO;
				DSTROOT = /tmp/Financial_Toolbox.dst;
				GCC_DYNAMIC_NO_PIC = NO;
				GCC_ENABLE_FIX_AND_CONTINUE = YES;
				GCC_MODEL_TUNING = G5;
				GCC_OPTIMIZATION_LEVEL = 0;
				GCC_PRECOMPILE_PREFIX_HEADER = YES;
				GCC_PREFIX_HEADER = Financial_Toolbox_Prefix.pch;
				INSTALL_PATH = /usr/local/lib;
				PRODUCT_NAME = Financial_Toolbox;
			};
			name = Debug;
		};
		1DEB922008733DC00010E9CD /* Release */ = {
			isa = XCBuildConfiguration;
			buildSettings = {
				ALWAYS_SEARCH_USER_PATHS = NO;
				ARCHS = "$(ARCHS_STANDARD_32_BIT)";
				DSTROOT = /tmp/Financial_Toolbox.dst;
				GCC_MODEL_TUNING = G5;
				GCC_PRECOMPILE_PREFIX_HEADER = YES;
				GCC_PREFIX_HEADER = Financial_Toolbox_Prefix.pch;
				INSTALL_PATH = /usr/local/lib;
				PRODUCT_NAME = Financial_Toolbox;
			};
			name = Release;
		};
		1DEB922308733DC00010E9CD /* Debug */ = {
			isa = XCBuildConfiguration;
			buildSettings = {
				ARCHS = "$(ARCHS_STANDARD_32_BIT)";
				CODE_SIGN_ENTITLEMENTS = "";
				CODE_SIGN_IDENTITY = "Don't Code Sign";
				GCC_C_LANGUAGE_STANDARD = c99;
				GCC_OPTIMIZATION_LEVEL = 0;
				GCC_VERSION = com.apple.compilers.llvm.clang.1_0;
				GCC_WARN_ABOUT_RETURN_TYPE = YES;
				GCC_WARN_UNUSED_VARIABLE = YES;
				OTHER_LDFLAGS = "-ObjC";
				PREBINDING = NO;
				PROVISIONING_PROFILE = "";
				SDKROOT = iphoneos3.1;
			};
			name = Debug;
		};
		1DEB922408733DC00010E9CD /* Release */ = {
			isa = XCBuildConfiguration;
			buildSettings = {
				ARCHS = "$(ARCHS_STANDARD_32_BIT)";
				GCC_C_LANGUAGE_STANDARD = c99;
				GCC_WARN_ABOUT_RETURN_TYPE = YES;
				GCC_WARN_UNUSED_VARIABLE = YES;
				OTHER_LDFLAGS = "-ObjC";
				PREBINDING = NO;
				SDKROOT = iphoneos3.1;
			};
			name = Release;
		};
/* End XCBuildConfiguration section */

/* Begin XCConfigurationList section */
		1DEB921E08733DC00010E9CD /* Build configuration list for PBXNativeTarget "Financial Toolbox" */ = {
			isa = XCConfigurationList;
			buildConfigurations = (
				1DEB921F08733DC00010E9CD /* Debug */,
				1DEB922008733DC00010E9CD /* Release */,
			);
			defaultConfigurationIsVisible = 0;
			defaultConfigurationName = Release;
		};
		1DEB922208733DC00010E9CD /* Build configuration list for PBXProject "Financial Toolbox" */ = {
			isa = XCConfigurationList;
			buildConfigurations = (
				1DEB922308733DC00010E9CD /* Debug */,
				1DEB922408733DC00010E9CD /* Release */,
			);
			defaultConfigurationIsVisible = 0;
			defaultConfigurationName = Release;
		};
/* End XCConfigurationList section */
	};
	rootObject = 0867D690FE84028FC02AAC07 /* Project object */;
}
